
Microsoft Visual Studio Solution File, Format Version 12.00
# Visual Studio Version 17
VisualStudioVersion = 17.11.35312.102
MinimumVisualStudioVersion = 10.0.40219.1
Project("{9A19103F-16F7-4668-BE54-9A1E7A4F7556}") = "AccountService", "AccountService\AccountService.csproj", "{46A1A07E-2567-447B-8BC8-8DDA4F44285F}"
EndProject
Project("{9A19103F-16F7-4668-BE54-9A1E7A4F7556}") = "PropertyService", "PropertyService\PropertyService.csproj", "{78C280DD-6284-4B59-B486-940657A37BDE}"
EndProject
Project("{9A19103F-16F7-4668-BE54-9A1E7A4F7556}") = "JWTAuthentication", "JWTAuthentication\JWTAuthentication.csproj", "{CDEBC3B0-906C-4E34-9C13-43019221CA9A}"
EndProject
Project("{9A19103F-16F7-4668-BE54-9A1E7A4F7556}") = "Api-Gateway", "Api-Gateway\Api-Gateway.csproj", "{F9FAAD57-07BA-4E15-8C4C-1500A916A4C6}"
EndProject
Project("{FAE04EC0-301F-11D3-BF4B-00C04F79EFBC}") = "FavouriteService", "FavouriteService\FavouriteService.csproj", "{553F117D-4D3A-47A4-87FF-A7A660DF4A31}"
EndProject
Project("{FAE04EC0-301F-11D3-BF4B-00C04F79EFBC}") = "ChatService", "ChatService\ChatService.csproj", "{DDC4493E-BDA7-471C-97DC-943430DC6B5F}"
EndProject
Global
	GlobalSection(SolutionConfigurationPlatforms) = preSolution
		Debug|Any CPU = Debug|Any CPU
		Release|Any CPU = Release|Any CPU
	EndGlobalSection
	GlobalSection(ProjectConfigurationPlatforms) = postSolution
		{46A1A07E-2567-447B-8BC8-8DDA4F44285F}.Debug|Any CPU.ActiveCfg = Debug|Any CPU
		{46A1A07E-2567-447B-8BC8-8DDA4F44285F}.Debug|Any CPU.Build.0 = Debug|Any CPU
		{46A1A07E-2567-447B-8BC8-8DDA4F44285F}.Release|Any CPU.ActiveCfg = Release|Any CPU
		{46A1A07E-2567-447B-8BC8-8DDA4F44285F}.Release|Any CPU.Build.0 = Release|Any CPU
		{78C280DD-6284-4B59-B486-940657A37BDE}.Debug|Any CPU.ActiveCfg = Debug|Any CPU
		{78C280DD-6284-4B59-B486-940657A37BDE}.Debug|Any CPU.Build.0 = Debug|Any CPU
		{78C280DD-6284-4B59-B486-940657A37BDE}.Release|Any CPU.ActiveCfg = Release|Any CPU
		{78C280DD-6284-4B59-B486-940657A37BDE}.Release|Any CPU.Build.0 = Release|Any CPU
		{CDEBC3B0-906C-4E34-9C13-43019221CA9A}.Debug|Any CPU.ActiveCfg = Debug|Any CPU
		{CDEBC3B0-906C-4E34-9C13-43019221CA9A}.Debug|Any CPU.Build.0 = Debug|Any CPU
		{CDEBC3B0-906C-4E34-9C13-43019221CA9A}.Release|Any CPU.ActiveCfg = Release|Any CPU
		{CDEBC3B0-906C-4E34-9C13-43019221CA9A}.Release|Any CPU.Build.0 = Release|Any CPU
		{F9FAAD57-07BA-4E15-8C4C-1500A916A4C6}.Debug|Any CPU.ActiveCfg = Debug|Any CPU
		{F9FAAD57-07BA-4E15-8C4C-1500A916A4C6}.Debug|Any CPU.Build.0 = Debug|Any CPU
		{F9FAAD57-07BA-4E15-8C4C-1500A916A4C6}.Release|Any CPU.ActiveCfg = Release|Any CPU
		{F9FAAD57-07BA-4E15-8C4C-1500A916A4C6}.Release|Any CPU.Build.0 = Release|Any CPU
		{DDC4493E-BDA7-471C-97DC-943430DC6B5F}.Debug|Any CPU.ActiveCfg = Debug|Any CPU
		{DDC4493E-BDA7-471C-97DC-943430DC6B5F}.Debug|Any CPU.Build.0 = Debug|Any CPU
		{DDC4493E-BDA7-471C-97DC-943430DC6B5F}.Release|Any CPU.ActiveCfg = Release|Any CPU
		{DDC4493E-BDA7-471C-97DC-943430DC6B5F}.Release|Any CPU.Build.0 = Release|Any CPU
		{553F117D-4D3A-47A4-87FF-A7A660DF4A31}.Debug|Any CPU.ActiveCfg = Debug|Any CPU
		{553F117D-4D3A-47A4-87FF-A7A660DF4A31}.Debug|Any CPU.Build.0 = Debug|Any CPU
		{553F117D-4D3A-47A4-87FF-A7A660DF4A31}.Release|Any CPU.ActiveCfg = Release|Any CPU
		{553F117D-4D3A-47A4-87FF-A7A660DF4A31}.Release|Any CPU.Build.0 = Release|Any CPU
	EndGlobalSection
	GlobalSection(SolutionProperties) = preSolution
		HideSolutionNode = FALSE
	EndGlobalSection
	GlobalSection(ExtensibilityGlobals) = postSolution
		SolutionGuid = {B9D21B9B-DA6A-468F-AC4E-EFFC767B886F}
	EndGlobalSection
EndGlobal
